dependencies:
  espressif/cmake_utilities:
    component_hash: 351350613ceafba240b761b4ea991e0f231ac7a9f59a9ee901f751bddc0bb18f
    source:
      service_url: https://api.components.espressif.com/
      type: service
    version: 0.5.3
  idf:
    component_hash: null
    source:
      type: idf
    version: 5.2.2
manifest_hash: 68ae70cce0268ad3db7ecdaef508cdc62e94fbd72dd890b29815c1a3be34af97
target: esp32s3
version: 1.0.0
